// !$*UTF8*$!
{
	archiveVersion = 1;
	classes = {
	};
	objectVersion = 77;
	objects = {

/* Begin PBXContainerItemProxy section */
		8492D8822DE3AF3500A25740 /* PBXContainerItemProxy */ = {
			isa = PBXContainerItemProxy;
			containerPortal = 8492D86C2DE3AF3400A25740 /* Project object */;
			proxyType = 1;
			remoteGlobalIDString = 8492D8732DE3AF3400A25740;
			remoteInfo = JustHydrate;
		};
		8492D88C2DE3AF3500A25740 /* PBXContainerItemProxy */ = {
			isa = PBXContainerItemProxy;
			containerPortal = 8492D86C2DE3AF3400A25740 /* Project object */;
			proxyType = 1;
			remoteGlobalIDString = 8492D8732DE3AF3400A25740;
			remoteInfo = JustHydrate;
		};
/* End PBXContainerItemProxy section */

/* Begin PBXFileReference section */
		8492D8742DE3AF3400A25740 /* JustHydrate.app */ = {isa = PBXFileReference; explicitFileType = wrapper.application; includeInIndex = 0; path = JustHydrate.app; sourceTree = BUILT_PRODUCTS_DIR; };
		8492D8812DE3AF3500A25740 /* JustHydrateTests.xctest */ = {isa = PBXFileReference; explicitFileType = wrapper.cfbundle; includeInIndex = 0; path = JustHydrateTests.xctest; sourceTree = BUILT_PRODUCTS_DIR; };
		8492D88B2DE3AF3500A25740 /* JustHydrateUITests.xctest */ = {isa = PBXFileReference; explicitFileType = wrapper.cfbundle; includeInIndex = 0; path = JustHydrateUITests.xctest; sourceTree = BUILT_PRODUCTS_DIR; };
/* End PBXFileReference section */

/* Begin PBXFileSystemSynchronizedRootGroup section */
		8492D8762DE3AF3400A25740 /* JustHydrate */ = {
			isa = PBXFileSystemSynchronizedRootGroup;
			path = JustHydrate;
			sourceTree = "<group>";
		};
		8492D8842DE3AF3500A25740 /* JustHydrateTests */ = {
			isa = PBXFileSystemSynchronizedRootGroup;
			path = JustHydrateTests;
			sourceTree = "<group>";
		};
		8492D88E2DE3AF3500A25740 /* JustHydrateUITests */ = {
			isa = PBXFileSystemSynchronizedRootGroup;
			path = JustHydrateUITests;
			sourceTree = "<group>";
		};
/* End PBXFileSystemSynchronizedRootGroup section */

/* Begin PBXFrameworksBuildPhase section */
		8492D8712DE3AF3400A25740 /* Frameworks */ = {
			isa = PBXFrameworksBuildPhase;
			buildActionMask = 2147483647;
			files = (
			);
			runOnlyForDeploymentPostprocessing = 0;
		};
		8492D87E2DE3AF3500A25740 /* Frameworks */ = {
			isa = PBXFrameworksBuildPhase;
			buildActionMask = 2147483647;
			files = (
			);
			runOnlyForDeploymentPostprocessing = 0;
		};
		8492D8882DE3AF3500A25740 /* Frameworks */ = {
			isa = PBXFrameworksBuildPhase;
			buildActionMask = 2147483647;
			files = (
			);
			runOnlyForDeploymentPostprocessing = 0;
		};
/* End PBXFrameworksBuildPhase section */

/* Begin PBXGroup section */
		8492D86B2DE3AF3400A25740 = {
			isa = PBXGroup;
			children = (
				8492D8762DE3AF3400A25740 /* JustHydrate */,
				8492D8842DE3AF3500A25740 /* JustHydrateTests */,
				8492D88E2DE3AF3500A25740 /* JustHydrateUITests */,
				8492D8752DE3AF3400A25740 /* Products */,
			);
			sourceTree = "<group>";
		};
		8492D8752DE3AF3400A25740 /* Products */ = {
			isa = PBXGroup;
			children = (
				8492D8742DE3AF3400A25740 /* JustHydrate.app */,
				8492D8812DE3AF3500A25740 /* JustHydrateTests.xctest */,
				8492D88B2DE3AF3500A25740 /* JustHydrateUITests.xctest */,
			);
			name = Products;
			sourceTree = "<group>";
		};
/* End PBXGroup section */

/* Begin PBXNativeTarget section */
		8492D8732DE3AF3400A25740 /* JustHydrate */ = {
			isa = PBXNativeTarget;
			buildConfigurationList = 8492D8952DE3AF3500A25740 /* Build configuration list for PBXNativeTarget "JustHydrate" */;
			buildPhases = (
				8492D8702DE3AF3400A25740 /* Sources */,
				8492D8712DE3AF3400A25740 /* Frameworks */,
				8492D8722DE3AF3400A25740 /* Resources */,
			);
			buildRules = (
			);
			dependencies = (
			);
			fileSystemSynchronizedGroups = (
				8492D8762DE3AF3400A25740 /* JustHydrate */,
			);
			name = JustHydrate;
			packageProductDependencies = (
			);
			productName = JustHydrate;
			productReference = 8492D8742DE3AF3400A25740 /* JustHydrate.app */;
			productType = "com.apple.product-type.application";
		};
		8492D8802DE3AF3500A25740 /* JustHydrateTests */ = {
			isa = PBXNativeTarget;
			buildConfigurationList = 8492D8982DE3AF3500A25740 /* Build configuration list for PBXNativeTarget "JustHydrateTests" */;
			buildPhases = (
				8492D87D2DE3AF3500A25740 /* Sources */,
				8492D87E2DE3AF3500A25740 /* Frameworks */,
				8492D87F2DE3AF3500A25740 /* Resources */,
			);
			buildRules = (
			);
			dependencies = (
				8492D8832DE3AF3500A25740 /* PBXTargetDependency */,
			);
			fileSystemSynchronizedGroups = (
				8492D8842DE3AF3500A25740 /* JustHydrateTests */,
			);
			name = JustHydrateTests;
			packageProductDependencies = (
			);
			productName = JustHydrateTests;
			productReference = 8492D8812DE3AF3500A25740 /* JustHydrateTests.xctest */;
			productType = "com.apple.product-type.bundle.unit-test";
		};
		8492D88A2DE3AF3500A25740 /* JustHydrateUITests */ = {
			isa = PBXNativeTarget;
			buildConfigurationList = 8492D89B2DE3AF3500A25740 /* Build configuration list for PBXNativeTarget "JustHydrateUITests" */;
			buildPhases = (
				8492D8872DE3AF3500A25740 /* Sources */,
				8492D8882DE3AF3500A25740 /* Frameworks */,
				8492D8892DE3AF3500A25740 /* Resources */,
			);
			buildRules = (
			);
			dependencies = (
				8492D88D2DE3AF3500A25740 /* PBXTargetDependency */,
			);
			fileSystemSynchronizedGroups = (
				8492D88E2DE3AF3500A25740 /* JustHydrateUITests */,
			);
			name = JustHydrateUITests;
			packageProductDependencies = (
			);
			productName = JustHydrateUITests;
			productReference = 8492D88B2DE3AF3500A25740 /* JustHydrateUITests.xctest */;
			productType = "com.apple.product-type.bundle.ui-testing";
		};
/* End PBXNativeTarget section */

/* Begin PBXProject section */
		8492D86C2DE3AF3400A25740 /* Project object */ = {
			isa = PBXProject;
			attributes = {
				BuildIndependentTargetsInParallel = 1;
				LastSwiftUpdateCheck = 1630;
				LastUpgradeCheck = 1630;
				TargetAttributes = {
					8492D8732DE3AF3400A25740 = {
						CreatedOnToolsVersion = 16.3;
					};
					8492D8802DE3AF3500A25740 = {
						CreatedOnToolsVersion = 16.3;
						TestTargetID = 8492D8732DE3AF3400A25740;
					};
					8492D88A2DE3AF3500A25740 = {
						CreatedOnToolsVersion = 16.3;
						TestTargetID = 8492D8732DE3AF3400A25740;
					};
				};
			};
			buildConfigurationList = 8492D86F2DE3AF3400A25740 /* Build configuration list for PBXProject "JustHydrate" */;
			developmentRegion = en;
			hasScannedForEncodings = 0;
			knownRegions = (
				en,
				Base,
			);
			mainGroup = 8492D86B2DE3AF3400A25740;
			minimizedProjectReferenceProxies = 1;
			preferredProjectObjectVersion = 77;
			productRefGroup = 8492D8752DE3AF3400A25740 /* Products */;
			projectDirPath = "";
			projectRoot = "";
			targets = (
				8492D8732DE3AF3400A25740 /* JustHydrate */,
				8492D8802DE3AF3500A25740 /* JustHydrateTests */,
				8492D88A2DE3AF3500A25740 /* JustHydrateUITests */,
			);
		};
/* End PBXProject section */

/* Begin PBXResourcesBuildPhase section */
		8492D8722DE3AF3400A25740 /* Resources */ = {
			isa = PBXResourcesBuildPhase;
			buildActionMask = 2147483647;
			files = (
			);
			runOnlyForDeploymentPostprocessing = 0;
		};
		8492D87F2DE3AF3500A25740 /* Resources */ = {
			isa = PBXResourcesBuildPhase;
			buildActionMask = 2147483647;
			files = (
			);
			runOnlyForDeploymentPostprocessing = 0;
		};
		8492D8892DE3AF3500A25740 /* Resources */ = {
			isa = PBXResourcesBuildPhase;
			buildActionMask = 2147483647;
			files = (
			);
			runOnlyForDeploymentPostprocessing = 0;
		};
/* End PBXResourcesBuildPhase section */

/* Begin PBXSourcesBuildPhase section */
		8492D8702DE3AF3400A25740 /* Sources */ = {
			isa = PBXSourcesBuildPhase;
			buildActionMask = 2147483647;
			files = (
			);
			runOnlyForDeploymentPostprocessing = 0;
		};
		8492D87D2DE3AF3500A25740 /* Sources */ = {
			isa = PBXSourcesBuildPhase;
			buildActionMask = 2147483647;
			files = (
			);
			runOnlyForDeploymentPostprocessing = 0;
		};
		8492D8872DE3AF3500A25740 /* Sources */ = {
			isa = PBXSourcesBuildPhase;
			buildActionMask = 2147483647;
			files = (
			);
			runOnlyForDeploymentPostprocessing = 0;
		};
/* End PBXSourcesBuildPhase section */

/* Begin PBXTargetDependency section */
		8492D8832DE3AF3500A25740 /* PBXTargetDependency */ = {
			isa = PBXTargetDependency;
			target = 8492D8732DE3AF3400A25740 /* JustHydrate */;
			targetProxy = 8492D8822DE3AF3500A25740 /* PBXContainerItemProxy */;
		};
		8492D88D2DE3AF3500A25740 /* PBXTargetDependency */ = {
			isa = PBXTargetDependency;
			target = 8492D8732DE3AF3400A25740 /* JustHydrate */;
			targetProxy = 8492D88C2DE3AF3500A25740 /* PBXContainerItemProxy */;
		};
/* End PBXTargetDependency section */

/* Begin XCBuildConfiguration section */
		8492D8932DE3AF3500A25740 /* Debug */ = {
			isa = XCBuildConfiguration;
			buildSettings = {
				ALWAYS_SEARCH_USER_PATHS = NO;
				ASSETCATALOG_COMPILER_GENERATE_SWIFT_ASSET_SYMBOL_EXTENSIONS = YES;
				CLANG_ANALYZER_NONNULL = YES;
				CLANG_ANALYZER_NUMBER_OBJECT_CONVERSION = YES_AGGRESSIVE;
				CLANG_CXX_LANGUAGE_STANDARD = "gnu++20";
				CLANG_ENABLE_MODULES = YES;
				CLANG_ENABLE_OBJC_ARC = YES;
				CLANG_ENABLE_OBJC_WEAK = YES;
				CLANG_WARN_BLOCK_CAPTURE_AUTORELEASING = YES;
				CLANG_WARN_BOOL_CONVERSION = YES;
				CLANG_WARN_COMMA = YES;
				CLANG_WARN_CONSTANT_CONVERSION = YES;
				CLANG_WARN_DEPRECATED_OBJC_IMPLEMENTATIONS = YES;
				CLANG_WARN_DIRECT_OBJC_ISA_USAGE = YES_ERROR;
				CLANG_WARN_DOCUMENTATION_COMMENTS = YES;
				CLANG_WARN_EMPTY_BODY = YES;
				CLANG_WARN_ENUM_CONVERSION = YES;
				CLANG_WARN_INFINITE_RECURSION = YES;
				CLANG_WARN_INT_CONVERSION = YES;
				CLANG_WARN_NON_LITERAL_NULL_CONVERSION = YES;
				CLANG_WARN_OBJC_IMPLICIT_RETAIN_SELF = YES;
				CLANG_WARN_OBJC_LITERAL_CONVERSION = YES;
				CLANG_WARN_OBJC_ROOT_CLASS = YES_ERROR;
				CLANG_WARN_QUOTED_INCLUDE_IN_FRAMEWORK_HEADER = YES;
				CLANG_WARN_RANGE_LOOP_ANALYSIS = YES;
				CLANG_WARN_STRICT_PROTOTYPES = YES;
				CLANG_WARN_SUSPICIOUS_MOVE = YES;
				CLANG_WARN_UNGUARDED_AVAILABILITY = YES_AGGRESSIVE;
				CLANG_WARN_UNREACHABLE_CODE = YES;
				CLANG_WARN__DUPLICATE_METHOD_MATCH = YES;
				COPY_PHASE_STRIP = NO;
				DEBUG_INFORMATION_FORMAT = dwarf;
				DEVELOPMENT_TEAM = 8CR66RG4M7;
				ENABLE_STRICT_OBJC_MSGSEND = YES;
				ENABLE_TESTABILITY = YES;
				ENABLE_USER_SCRIPT_SANDBOXING = YES;
				GCC_C_LANGUAGE_STANDARD = gnu17;
				GCC_DYNAMIC_NO_PIC = NO;
				GCC_NO_COMMON_BLOCKS = YES;
				GCC_OPTIMIZATION_LEVEL = 0;
				GCC_PREPROCESSOR_DEFINITIONS = (
					"DEBUG=1",
					"$(inherited)",
				);
				GCC_WARN_64_TO_32_BIT_CONVERSION = YES;
				GCC_WARN_ABOUT_RETURN_TYPE = YES_ERROR;
				GCC_WARN_UNDECLARED_SELECTOR = YES;
				GCC_WARN_UNINITIALIZED_AUTOS = YES_AGGRESSIVE;
				GCC_WARN_UNUSED_FUNCTION = YES;
				GCC_WARN_UNUSED_VARIABLE = YES;
				IPHONEOS_DEPLOYMENT_TARGET = 18.4;
				LOCALIZATION_PREFERS_STRING_CATALOGS = YES;
				MTL_ENABLE_DEBUG_INFO = INCLUDE_SOURCE;
				MTL_FAST_MATH = YES;
				ONLY_ACTIVE_ARCH = YES;
				SDKROOT = iphoneos;
				SWIFT_ACTIVE_COMPILATION_CONDITIONS = "DEBUG $(inherited)";
				SWIFT_OPTIMIZATION_LEVEL = "-Onone";
			};
			name = Debug;
		};
		8492D8942DE3AF3500A25740 /* Release */ = {
			isa = XCBuildConfiguration;
			buildSettings = {
				ALWAYS_SEARCH_USER_PATHS = NO;
				ASSETCATALOG_COMPILER_GENERATE_SWIFT_ASSET_SYMBOL_EXTENSIONS = YES;
				CLANG_ANALYZER_NONNULL = YES;
				CLANG_ANALYZER_NUMBER_OBJECT_CONVERSION = YES_AGGRESSIVE;
				CLANG_CXX_LANGUAGE_STANDARD = "gnu++20";
				CLANG_ENABLE_MODULES = YES;
				CLANG_ENABLE_OBJC_ARC = YES;
				CLANG_ENABLE_OBJC_WEAK = YES;
				CLANG_WARN_BLOCK_CAPTURE_AUTORELEASING = YES;
				CLANG_WARN_BOOL_CONVERSION = YES;
				CLANG_WARN_COMMA = YES;
				CLANG_WARN_CONSTANT_CONVERSION = YES;
				CLANG_WARN_DEPRECATED_OBJC_IMPLEMENTATIONS = YES;
				CLANG_WARN_DIRECT_OBJC_ISA_USAGE = YES_ERROR;
				CLANG_WARN_DOCUMENTATION_COMMENTS = YES;
				CLANG_WARN_EMPTY_BODY = YES;
				CLANG_WARN_ENUM_CONVERSION = YES;
				CLANG_WARN_INFINITE_RECURSION = YES;
				CLANG_WARN_INT_CONVERSION = YES;
				CLANG_WARN_NON_LITERAL_NULL_CONVERSION = YES;
				CLANG_WARN_OBJC_IMPLICIT_RETAIN_SELF = YES;
				CLANG_WARN_OBJC_LITERAL_CONVERSION = YES;
				CLANG_WARN_OBJC_ROOT_CLASS = YES_ERROR;
				CLANG_WARN_QUOTED_INCLUDE_IN_FRAMEWORK_HEADER = YES;
				CLANG_WARN_RANGE_LOOP_ANALYSIS = YES;
				CLANG_WARN_STRICT_PROTOTYPES = YES;
				CLANG_WARN_SUSPICIOUS_MOVE = YES;
				CLANG_WARN_UNGUARDED_AVAILABILITY = YES_AGGRESSIVE;
				CLANG_WARN_UNREACHABLE_CODE = YES;
				CLANG_WARN__DUPLICATE_METHOD_MATCH = YES;
				COPY_PHASE_STRIP = NO;
				DEBUG_INFORMATION_FORMAT = "dwarf-with-dsym";
				DEVELOPMENT_TEAM = 8CR66RG4M7;
				ENABLE_NS_ASSERTIONS = NO;
				ENABLE_STRICT_OBJC_MSGSEND = YES;
				ENABLE_USER_SCRIPT_SANDBOXING = YES;
				GCC_C_LANGUAGE_STANDARD = gnu17;
				GCC_NO_COMMON_BLOCKS = YES;
				GCC_WARN_64_TO_32_BIT_CONVERSION = YES;
				GCC_WARN_ABOUT_RETURN_TYPE = YES_ERROR;
				GCC_WARN_UNDECLARED_SELECTOR = YES;
				GCC_WARN_UNINITIALIZED_AUTOS = YES_AGGRESSIVE;
				GCC_WARN_UNUSED_FUNCTION = YES;
				GCC_WARN_UNUSED_VARIABLE = YES;
				IPHONEOS_DEPLOYMENT_TARGET = 18.4;
				LOCALIZATION_PREFERS_STRING_CATALOGS = YES;
				MTL_ENABLE_DEBUG_INFO = NO;
				MTL_FAST_MATH = YES;
				SDKROOT = iphoneos;
				SWIFT_COMPILATION_MODE = wholemodule;
				VALIDATE_PRODUCT = YES;
			};
			name = Release;
		};
		8492D8962DE3AF3500A25740 /* Debug */ = {
			isa = XCBuildConfiguration;
			buildSettings = {
				ASSETCATALOG_COMPILER_APPICON_NAME = AppIcon;
				ASSETCATALOG_COMPILER_GLOBAL_ACCENT_COLOR_NAME = AccentColor;
				CODE_SIGN_STYLE = Automatic;
				CURRENT_PROJECT_VERSION = 1;
				DEVELOPMENT_TEAM = 8CR66RG4M7;
				ENABLE_PREVIEWS = YES;
				GENERATE_INFOPLIST_FILE = YES;
				INFOPLIST_KEY_UIApplicationSceneManifest_Generation = YES;
				INFOPLIST_KEY_UIApplicationSupportsIndirectInputEvents = YES;
				INFOPLIST_KEY_UILaunchScreen_Generation = YES;
				INFOPLIST_KEY_UISupportedInterfaceOrientations_iPad = "UIInterfaceOrientationPortrait UIInterfaceOrientationPortraitUpsideDown UIInterfaceOrientationLandscapeLeft UIInterfaceOrientationLandscapeRight";
				INFOPLIST_KEY_UISupportedInterfaceOrientations_iPhone = "UIInterfaceOrientationPortrait UIInterfaceOrientationLandscapeLeft UIInterfaceOrientationLandscapeRight";
				LD_RUNPATH_SEARCH_PATHS = (
					"$(inherited)",
					"@executable_path/Frameworks",
				);
				MARKETING_VERSION = 1.0;
				PRODUCT_BUNDLE_IDENTIFIER = com.justalittleapp.JustHydrate;
				PRODUCT_NAME = "$(TARGET_NAME)";
				SWIFT_EMIT_LOC_STRINGS = YES;
				SWIFT_VERSION = 5.0;
				TARGETED_DEVICE_FAMILY = "1,2";
			};
			name = Debug;
		};
		8492D8972DE3AF3500A25740 /* Release */ = {
			isa = XCBuildConfiguration;
			buildSettings = {
				ASSETCATALOG_COMPILER_APPICON_NAME = AppIcon;
				ASSETCATALOG_COMPILER_GLOBAL_ACCENT_COLOR_NAME = AccentColor;
				CODE_SIGN_STYLE = Automatic;
				CURRENT_PROJECT_VERSION = 1;
				DEVELOPMENT_TEAM = 8CR66RG4M7;
				ENABLE_PREVIEWS = YES;
				GENERATE_INFOPLIST_FILE = YES;
				INFOPLIST_KEY_UIApplicationSceneManifest_Generation = YES;
				INFOPLIST_KEY_UIApplicationSupportsIndirectInputEvents = YES;
				INFOPLIST_KEY_UILaunchScreen_Generation = YES;
				INFOPLIST_KEY_UISupportedInterfaceOrientations_iPad = "UIInterfaceOrientationPortrait UIInterfaceOrientationPortraitUpsideDown UIInterfaceOrientationLandscapeLeft UIInterfaceOrientationLandscapeRight";
				INFOPLIST_KEY_UISupportedInterfaceOrientations_iPhone = "UIInterfaceOrientationPortrait UIInterfaceOrientationLandscapeLeft UIInterfaceOrientationLandscapeRight";
				LD_RUNPATH_SEARCH_PATHS = (
					"$(inherited)",
					"@executable_path/Frameworks",
				);
				MARKETING_VERSION = 1.0;
				PRODUCT_BUNDLE_IDENTIFIER = com.justalittleapp.JustHydrate;
				PRODUCT_NAME = "$(TARGET_NAME)";
				SWIFT_EMIT_LOC_STRINGS = YES;
				SWIFT_VERSION = 5.0;
				TARGETED_DEVICE_FAMILY = "1,2";
			};
			name = Release;
		};
		8492D8992DE3AF3500A25740 /* Debug */ = {
			isa = XCBuildConfiguration;
			buildSettings = {
				BUNDLE_LOADER = "$(TEST_HOST)";
				CODE_SIGN_STYLE = Automatic;
				CURRENT_PROJECT_VERSION = 1;
				DEVELOPMENT_TEAM = 8CR66RG4M7;
				GENERATE_INFOPLIST_FILE = YES;
				IPHONEOS_DEPLOYMENT_TARGET = 18.4;
				MARKETING_VERSION = 1.0;
				PRODUCT_BUNDLE_IDENTIFIER = com.justalittleapp.JustHydrateTests;
				PRODUCT_NAME = "$(TARGET_NAME)";
				SWIFT_EMIT_LOC_STRINGS = NO;
				SWIFT_VERSION = 5.0;
				TARGETED_DEVICE_FAMILY = "1,2";
				TEST_HOST = "$(BUILT_PRODUCTS_DIR)/JustHydrate.app/$(BUNDLE_EXECUTABLE_FOLDER_PATH)/JustHydrate";
			};
			name = Debug;
		};
		8492D89A2DE3AF3500A25740 /* Release */ = {
			isa = XCBuildConfiguration;
			buildSettings = {
				BUNDLE_LOADER = "$(TEST_HOST)";
				CODE_SIGN_STYLE = Automatic;
				CURRENT_PROJECT_VERSION = 1;
				DEVELOPMENT_TEAM = 8CR66RG4M7;
				GENERATE_INFOPLIST_FILE = YES;
				IPHONEOS_DEPLOYMENT_TARGET = 18.4;
				MARKETING_VERSION = 1.0;
				PRODUCT_BUNDLE_IDENTIFIER = com.justalittleapp.JustHydrateTests;
				PRODUCT_NAME = "$(TARGET_NAME)";
				SWIFT_EMIT_LOC_STRINGS = NO;
				SWIFT_VERSION = 5.0;
				TARGETED_DEVICE_FAMILY = "1,2";
				TEST_HOST = "$(BUILT_PRODUCTS_DIR)/JustHydrate.app/$(BUNDLE_EXECUTABLE_FOLDER_PATH)/JustHydrate";
			};
			name = Release;
		};
		8492D89C2DE3AF3500A25740 /* Debug */ = {
			isa = XCBuildConfiguration;
			buildSettings = {
				CODE_SIGN_STYLE = Automatic;
				CURRENT_PROJECT_VERSION = 1;
				DEVELOPMENT_TEAM = 8CR66RG4M7;
				GENERATE_INFOPLIST_FILE = YES;
				MARKETING_VERSION = 1.0;
				PRODUCT_BUNDLE_IDENTIFIER = com.justalittleapp.JustHydrateUITests;
				PRODUCT_NAME = "$(TARGET_NAME)";
				SWIFT_EMIT_LOC_STRINGS = NO;
				SWIFT_VERSION = 5.0;
				TARGETED_DEVICE_FAMILY = "1,2";
				TEST_TARGET_NAME = JustHydrate;
			};
			name = Debug;
		};
		8492D89D2DE3AF3500A25740 /* Release */ = {
			isa = XCBuildConfiguration;
			buildSettings = {
				CODE_SIGN_STYLE = Automatic;
				CURRENT_PROJECT_VERSION = 1;
				DEVELOPMENT_TEAM = 8CR66RG4M7;
				GENERATE_INFOPLIST_FILE = YES;
				MARKETING_VERSION = 1.0;
				PRODUCT_BUNDLE_IDENTIFIER = com.justalittleapp.JustHydrateUITests;
				PRODUCT_NAME = "$(TARGET_NAME)";
				SWIFT_EMIT_LOC_STRINGS = NO;
				SWIFT_VERSION = 5.0;
				TARGETED_DEVICE_FAMILY = "1,2";
				TEST_TARGET_NAME = JustHydrate;
			};
			name = Release;
		};
/* End XCBuildConfiguration section */

/* Begin XCConfigurationList section */
		8492D86F2DE3AF3400A25740 /* Build configuration list for PBXProject "JustHydrate" */ = {
			isa = XCConfigurationList;
			buildConfigurations = (
				8492D8932DE3AF3500A25740 /* Debug */,
				8492D8942DE3AF3500A25740 /* Release */,
			);
			defaultConfigurationIsVisible = 0;
			defaultConfigurationName = Release;
		};
		8492D8952DE3AF3500A25740 /* Build configuration list for PBXNativeTarget "JustHydrate" */ = {
			isa = XCConfigurationList;
			buildConfigurations = (
				8492D8962DE3AF3500A25740 /* Debug */,
				8492D8972DE3AF3500A25740 /* Release */,
			);
			defaultConfigurationIsVisible = 0;
			defaultConfigurationName = Release;
		};
		8492D8982DE3AF3500A25740 /* Build configuration list for PBXNativeTarget "JustHydrateTests" */ = {
			isa = XCConfigurationList;
			buildConfigurations = (
				8492D8992DE3AF3500A25740 /* Debug */,
				8492D89A2DE3AF3500A25740 /* Release */,
			);
			defaultConfigurationIsVisible = 0;
			defaultConfigurationName = Release;
		};
		8492D89B2DE3AF3500A25740 /* Build configuration list for PBXNativeTarget "JustHydrateUITests" */ = {
			isa = XCConfigurationList;
			buildConfigurations = (
				8492D89C2DE3AF3500A25740 /* Debug */,
				8492D89D2DE3AF3500A25740 /* Release */,
			);
			defaultConfigurationIsVisible = 0;
			defaultConfigurationName = Release;
		};
/* End XCConfigurationList section */
	};
	rootObject = 8492D86C2DE3AF3400A25740 /* Project object */;
}
